# THIS IS AN AUTOGENERATED FILE. DO NOT EDIT THIS FILE DIRECTLY.
# yarn lockfile v1


luxon@^2.3.0:
  version "2.3.0"
  resolved "https://registry.yarnpkg.com/luxon/-/luxon-2.3.0.tgz#bf16a7e642513c2a20a6230a6a41b0ab446d0045"
  integrity sha512-gv6jZCV+gGIrVKhO90yrsn8qXPKD8HYZJtrUDSfEbow8Tkw84T9OnCyJhWvnJIaIF/tBuiAjZuQHUt1LddX2mg==
